
Microsoft Visual Studio Solution File, Format Version 12.00
# Visual Studio Version 17
VisualStudioVersion = 17.0.32112.339
MinimumVisualStudioVersion = 10.0.40219.1
Project("{FAE04EC0-301F-11D3-BF4B-00C04F79EFBC}") = "WinFormsApp164", "WinFormsApp164\WinFormsApp164.csproj", "{92304DB5-DF23-4A21-9C45-54CFFFB7AE52}"
EndProject
Global
	GlobalSection(SolutionConfigurationPlatforms) = preSolution
		Debug|Any CPU = Debug|Any CPU
		Release|Any CPU = Release|Any CPU
	EndGlobalSection
	GlobalSection(ProjectConfigurationPlatforms) = postSolution
		{92304DB5-DF23-4A21-9C45-54CFFFB7AE52}.Debug|Any CPU.ActiveCfg = Debug|Any CPU
		{92304DB5-DF23-4A21-9C45-54CFFFB7AE52}.Debug|Any CPU.Build.0 = Debug|Any CPU
		{92304DB5-DF23-4A21-9C45-54CFFFB7AE52}.Release|Any CPU.ActiveCfg = Release|Any CPU
		{92304DB5-DF23-4A21-9C45-54CFFFB7AE52}.Release|Any CPU.Build.0 = Release|Any CPU
	EndGlobalSection
	GlobalSection(SolutionProperties) = preSolution
		HideSolutionNode = FALSE
	EndGlobalSection
	GlobalSection(ExtensibilityGlobals) = postSolution
		SolutionGuid = {8F998EE0-6B18-489E-9615-A1A8DB69BC56}
	EndGlobalSection
EndGlobal
